// !$*UTF8*$!
{
	archiveVersion = 1;
	classes = {
	};
	objectVersion = 77;
	objects = {

/* Begin PBXBuildFile section */
		69EE4B232EAD19D7005DB676 /* readme.md in Resources */ = {isa = PBXBuildFile; fileRef = 69EE4B222EAD19D1005DB676 /* readme.md */; };
		69F72AC22EA6FB6800F0003D /* FirebaseAnalytics in Frameworks */ = {isa = PBXBuildFile; productRef = 69F72AC12EA6FB6800F0003D /* FirebaseAnalytics */; };
		69F72AC42EA6FB6800F0003D /* FirebaseCrashlytics in Frameworks */ = {isa = PBXBuildFile; productRef = 69F72AC32EA6FB6800F0003D /* FirebaseCrashlytics */; };
		69F72AC62EA6FB6800F0003D /* FirebaseFirestore in Frameworks */ = {isa = PBXBuildFile; productRef = 69F72AC52EA6FB6800F0003D /* FirebaseFirestore */; };
		69F72AC92EA6FBB100F0003D /* Dependencies in Frameworks */ = {isa = PBXBuildFile; productRef = 69F72AC82EA6FBB100F0003D /* Dependencies */; };
		69F72ACC2EA6FBD000F0003D /* SDWebImageSwiftUI in Frameworks */ = {isa = PBXBuildFile; productRef = 69F72ACB2EA6FBD000F0003D /* SDWebImageSwiftUI */; };
		69F736122EA7552A00F0003D /* agents.md in Resources */ = {isa = PBXBuildFile; fileRef = 69F736112EA7552300F0003D /* agents.md */; };
/* End PBXBuildFile section */

/* Begin PBXContainerItemProxy section */
		69F729CD2EA6F2D600F0003D /* PBXContainerItemProxy */ = {
			isa = PBXContainerItemProxy;
			containerPortal = 69F729B72EA6F2D400F0003D /* Project object */;
			proxyType = 1;
			remoteGlobalIDString = 69F729BE2EA6F2D400F0003D;
			remoteInfo = FirebaseExample;
		};
		69F729D72EA6F2D600F0003D /* PBXContainerItemProxy */ = {
			isa = PBXContainerItemProxy;
			containerPortal = 69F729B72EA6F2D400F0003D /* Project object */;
			proxyType = 1;
			remoteGlobalIDString = 69F729BE2EA6F2D400F0003D;
			remoteInfo = FirebaseExample;
		};
/* End PBXContainerItemProxy section */

/* Begin PBXFileReference section */
		69EE4B222EAD19D1005DB676 /* readme.md */ = {isa = PBXFileReference; lastKnownFileType = net.daringfireball.markdown; path = readme.md; sourceTree = "<group>"; };
		69F729BF2EA6F2D400F0003D /* FirebaseExample.app */ = {isa = PBXFileReference; explicitFileType = wrapper.application; includeInIndex = 0; path = FirebaseExample.app; sourceTree = BUILT_PRODUCTS_DIR; };
		69F729CC2EA6F2D600F0003D /* FirebaseExampleTests.xctest */ = {isa = PBXFileReference; explicitFileType = wrapper.cfbundle; includeInIndex = 0; path = FirebaseExampleTests.xctest; sourceTree = BUILT_PRODUCTS_DIR; };
		69F729D62EA6F2D600F0003D /* FirebaseExampleUITests.xctest */ = {isa = PBXFileReference; explicitFileType = wrapper.cfbundle; includeInIndex = 0; path = FirebaseExampleUITests.xctest; sourceTree = BUILT_PRODUCTS_DIR; };
		69F736112EA7552300F0003D /* agents.md */ = {isa = PBXFileReference; lastKnownFileType = net.daringfireball.markdown; path = agents.md; sourceTree = "<group>"; };
/* End PBXFileReference section */

/* Begin PBXFileSystemSynchronizedRootGroup section */
		69F729C12EA6F2D400F0003D /* FirebaseExample */ = {
			isa = PBXFileSystemSynchronizedRootGroup;
			path = FirebaseExample;
			sourceTree = "<group>";
		};
		69F729CF2EA6F2D600F0003D /* FirebaseExampleTests */ = {
			isa = PBXFileSystemSynchronizedRootGroup;
			path = FirebaseExampleTests;
			sourceTree = "<group>";
		};
		69F729D92EA6F2D600F0003D /* FirebaseExampleUITests */ = {
			isa = PBXFileSystemSynchronizedRootGroup;
			path = FirebaseExampleUITests;
			sourceTree = "<group>";
		};
		69F736162EA7554E00F0003D /* Agent */ = {
			isa = PBXFileSystemSynchronizedRootGroup;
			path = Agent;
			sourceTree = "<group>";
		};
/* End PBXFileSystemSynchronizedRootGroup section */

/* Begin PBXFrameworksBuildPhase section */
		69F729BC2EA6F2D400F0003D /* Frameworks */ = {
			isa = PBXFrameworksBuildPhase;
			buildActionMask = 2147483647;
			files = (
				69F72ACC2EA6FBD000F0003D /* SDWebImageSwiftUI in Frameworks */,
				69F72AC22EA6FB6800F0003D /* FirebaseAnalytics in Frameworks */,
				69F72AC42EA6FB6800F0003D /* FirebaseCrashlytics in Frameworks */,
				69F72AC62EA6FB6800F0003D /* FirebaseFirestore in Frameworks */,
				69F72AC92EA6FBB100F0003D /* Dependencies in Frameworks */,
			);
			runOnlyForDeploymentPostprocessing = 0;
		};
		69F729C92EA6F2D600F0003D /* Frameworks */ = {
			isa = PBXFrameworksBuildPhase;
			buildActionMask = 2147483647;
			files = (
			);
			runOnlyForDeploymentPostprocessing = 0;
		};
		69F729D32EA6F2D600F0003D /* Frameworks */ = {
			isa = PBXFrameworksBuildPhase;
			buildActionMask = 2147483647;
			files = (
			);
			runOnlyForDeploymentPostprocessing = 0;
		};
/* End PBXFrameworksBuildPhase section */

/* Begin PBXGroup section */
		69F729B62EA6F2D400F0003D = {
			isa = PBXGroup;
			children = (
				69EE4B222EAD19D1005DB676 /* readme.md */,
				69F736162EA7554E00F0003D /* Agent */,
				69F736112EA7552300F0003D /* agents.md */,
				69F729C12EA6F2D400F0003D /* FirebaseExample */,
				69F729CF2EA6F2D600F0003D /* FirebaseExampleTests */,
				69F729D92EA6F2D600F0003D /* FirebaseExampleUITests */,
				69F729C02EA6F2D400F0003D /* Products */,
			);
			sourceTree = "<group>";
		};
		69F729C02EA6F2D400F0003D /* Products */ = {
			isa = PBXGroup;
			children = (
				69F729BF2EA6F2D400F0003D /* FirebaseExample.app */,
				69F729CC2EA6F2D600F0003D /* FirebaseExampleTests.xctest */,
				69F729D62EA6F2D600F0003D /* FirebaseExampleUITests.xctest */,
			);
			name = Products;
			sourceTree = "<group>";
		};
/* End PBXGroup section */

/* Begin PBXNativeTarget section */
		69F729BE2EA6F2D400F0003D /* FirebaseExample */ = {
			isa = PBXNativeTarget;
			buildConfigurationList = 69F729E02EA6F2D700F0003D /* Build configuration list for PBXNativeTarget "FirebaseExample" */;
			buildPhases = (
				69F729BB2EA6F2D400F0003D /* Sources */,
				69F729BC2EA6F2D400F0003D /* Frameworks */,
				69F729BD2EA6F2D400F0003D /* Resources */,
			);
			buildRules = (
			);
			dependencies = (
			);
			fileSystemSynchronizedGroups = (
				69F729C12EA6F2D400F0003D /* FirebaseExample */,
			);
			name = FirebaseExample;
			packageProductDependencies = (
				69F72AC12EA6FB6800F0003D /* FirebaseAnalytics */,
				69F72AC32EA6FB6800F0003D /* FirebaseCrashlytics */,
				69F72AC52EA6FB6800F0003D /* FirebaseFirestore */,
				69F72AC82EA6FBB100F0003D /* Dependencies */,
				69F72ACB2EA6FBD000F0003D /* SDWebImageSwiftUI */,
			);
			productName = FirebaseExample;
			productReference = 69F729BF2EA6F2D400F0003D /* FirebaseExample.app */;
			productType = "com.apple.product-type.application";
		};
		69F729CB2EA6F2D600F0003D /* FirebaseExampleTests */ = {
			isa = PBXNativeTarget;
			buildConfigurationList = 69F729E32EA6F2D700F0003D /* Build configuration list for PBXNativeTarget "FirebaseExampleTests" */;
			buildPhases = (
				69F729C82EA6F2D600F0003D /* Sources */,
				69F729C92EA6F2D600F0003D /* Frameworks */,
				69F729CA2EA6F2D600F0003D /* Resources */,
			);
			buildRules = (
			);
			dependencies = (
				69F729CE2EA6F2D600F0003D /* PBXTargetDependency */,
			);
			fileSystemSynchronizedGroups = (
				69F729CF2EA6F2D600F0003D /* FirebaseExampleTests */,
			);
			name = FirebaseExampleTests;
			packageProductDependencies = (
			);
			productName = FirebaseExampleTests;
			productReference = 69F729CC2EA6F2D600F0003D /* FirebaseExampleTests.xctest */;
			productType = "com.apple.product-type.bundle.unit-test";
		};
		69F729D52EA6F2D600F0003D /* FirebaseExampleUITests */ = {
			isa = PBXNativeTarget;
			buildConfigurationList = 69F729E62EA6F2D700F0003D /* Build configuration list for PBXNativeTarget "FirebaseExampleUITests" */;
			buildPhases = (
				69F729D22EA6F2D600F0003D /* Sources */,
				69F729D32EA6F2D600F0003D /* Frameworks */,
				69F729D42EA6F2D600F0003D /* Resources */,
			);
			buildRules = (
			);
			dependencies = (
				69F729D82EA6F2D600F0003D /* PBXTargetDependency */,
			);
			fileSystemSynchronizedGroups = (
				69F729D92EA6F2D600F0003D /* FirebaseExampleUITests */,
			);
			name = FirebaseExampleUITests;
			packageProductDependencies = (
			);
			productName = FirebaseExampleUITests;
			productReference = 69F729D62EA6F2D600F0003D /* FirebaseExampleUITests.xctest */;
			productType = "com.apple.product-type.bundle.ui-testing";
		};
/* End PBXNativeTarget section */

/* Begin PBXProject section */
		69F729B72EA6F2D400F0003D /* Project object */ = {
			isa = PBXProject;
			attributes = {
				BuildIndependentTargetsInParallel = 1;
				LastSwiftUpdateCheck = 2600;
				LastUpgradeCheck = 2600;
				TargetAttributes = {
					69F729BE2EA6F2D400F0003D = {
						CreatedOnToolsVersion = 26.0;
					};
					69F729CB2EA6F2D600F0003D = {
						CreatedOnToolsVersion = 26.0;
						TestTargetID = 69F729BE2EA6F2D400F0003D;
					};
					69F729D52EA6F2D600F0003D = {
						CreatedOnToolsVersion = 26.0;
						TestTargetID = 69F729BE2EA6F2D400F0003D;
					};
				};
			};
			buildConfigurationList = 69F729BA2EA6F2D400F0003D /* Build configuration list for PBXProject "FirebaseExample" */;
			developmentRegion = en;
			hasScannedForEncodings = 0;
			knownRegions = (
				en,
				Base,
			);
			mainGroup = 69F729B62EA6F2D400F0003D;
			minimizedProjectReferenceProxies = 1;
			packageReferences = (
				69F72AC02EA6FB6800F0003D /* XCRemoteSwiftPackageReference "firebase-ios-sdk" */,
				69F72AC72EA6FBB100F0003D /* XCRemoteSwiftPackageReference "swift-dependencies" */,
				69F72ACA2EA6FBD000F0003D /* XCRemoteSwiftPackageReference "SDWebImageSwiftUI" */,
			);
			preferredProjectObjectVersion = 77;
			productRefGroup = 69F729C02EA6F2D400F0003D /* Products */;
			projectDirPath = "";
			projectRoot = "";
			targets = (
				69F729BE2EA6F2D400F0003D /* FirebaseExample */,
				69F729CB2EA6F2D600F0003D /* FirebaseExampleTests */,
				69F729D52EA6F2D600F0003D /* FirebaseExampleUITests */,
			);
		};
/* End PBXProject section */

/* Begin PBXResourcesBuildPhase section */
		69F729BD2EA6F2D400F0003D /* Resources */ = {
			isa = PBXResourcesBuildPhase;
			buildActionMask = 2147483647;
			files = (
				69F736122EA7552A00F0003D /* agents.md in Resources */,
				69EE4B232EAD19D7005DB676 /* readme.md in Resources */,
			);
			runOnlyForDeploymentPostprocessing = 0;
		};
		69F729CA2EA6F2D600F0003D /* Resources */ = {
			isa = PBXResourcesBuildPhase;
			buildActionMask = 2147483647;
			files = (
			);
			runOnlyForDeploymentPostprocessing = 0;
		};
		69F729D42EA6F2D600F0003D /* Resources */ = {
			isa = PBXResourcesBuildPhase;
			buildActionMask = 2147483647;
			files = (
			);
			runOnlyForDeploymentPostprocessing = 0;
		};
/* End PBXResourcesBuildPhase section */

/* Begin PBXSourcesBuildPhase section */
		69F729BB2EA6F2D400F0003D /* Sources */ = {
			isa = PBXSourcesBuildPhase;
			buildActionMask = 2147483647;
			files = (
			);
			runOnlyForDeploymentPostprocessing = 0;
		};
		69F729C82EA6F2D600F0003D /* Sources */ = {
			isa = PBXSourcesBuildPhase;
			buildActionMask = 2147483647;
			files = (
			);
			runOnlyForDeploymentPostprocessing = 0;
		};
		69F729D22EA6F2D600F0003D /* Sources */ = {
			isa = PBXSourcesBuildPhase;
			buildActionMask = 2147483647;
			files = (
			);
			runOnlyForDeploymentPostprocessing = 0;
		};
/* End PBXSourcesBuildPhase section */

/* Begin PBXTargetDependency section */
		69F729CE2EA6F2D600F0003D /* PBXTargetDependency */ = {
			isa = PBXTargetDependency;
			target = 69F729BE2EA6F2D400F0003D /* FirebaseExample */;
			targetProxy = 69F729CD2EA6F2D600F0003D /* PBXContainerItemProxy */;
		};
		69F729D82EA6F2D600F0003D /* PBXTargetDependency */ = {
			isa = PBXTargetDependency;
			target = 69F729BE2EA6F2D400F0003D /* FirebaseExample */;
			targetProxy = 69F729D72EA6F2D600F0003D /* PBXContainerItemProxy */;
		};
/* End PBXTargetDependency section */

/* Begin XCBuildConfiguration section */
		69F729DE2EA6F2D700F0003D /* Debug */ = {
			isa = XCBuildConfiguration;
			buildSettings = {
				ALWAYS_SEARCH_USER_PATHS = NO;
				ASSETCATALOG_COMPILER_GENERATE_SWIFT_ASSET_SYMBOL_EXTENSIONS = YES;
				CLANG_ANALYZER_NONNULL = YES;
				CLANG_ANALYZER_NUMBER_OBJECT_CONVERSION = YES_AGGRESSIVE;
				CLANG_CXX_LANGUAGE_STANDARD = "gnu++20";
				CLANG_ENABLE_MODULES = YES;
				CLANG_ENABLE_OBJC_ARC = YES;
				CLANG_ENABLE_OBJC_WEAK = YES;
				CLANG_WARN_BLOCK_CAPTURE_AUTORELEASING = YES;
				CLANG_WARN_BOOL_CONVERSION = YES;
				CLANG_WARN_COMMA = YES;
				CLANG_WARN_CONSTANT_CONVERSION = YES;
				CLANG_WARN_DEPRECATED_OBJC_IMPLEMENTATIONS = YES;
				CLANG_WARN_DIRECT_OBJC_ISA_USAGE = YES_ERROR;
				CLANG_WARN_DOCUMENTATION_COMMENTS = YES;
				CLANG_WARN_EMPTY_BODY = YES;
				CLANG_WARN_ENUM_CONVERSION = YES;
				CLANG_WARN_INFINITE_RECURSION = YES;
				CLANG_WARN_INT_CONVERSION = YES;
				CLANG_WARN_NON_LITERAL_NULL_CONVERSION = YES;
				CLANG_WARN_OBJC_IMPLICIT_RETAIN_SELF = YES;
				CLANG_WARN_OBJC_LITERAL_CONVERSION = YES;
				CLANG_WARN_OBJC_ROOT_CLASS = YES_ERROR;
				CLANG_WARN_QUOTED_INCLUDE_IN_FRAMEWORK_HEADER = YES;
				CLANG_WARN_RANGE_LOOP_ANALYSIS = YES;
				CLANG_WARN_STRICT_PROTOTYPES = YES;
				CLANG_WARN_SUSPICIOUS_MOVE = YES;
				CLANG_WARN_UNGUARDED_AVAILABILITY = YES_AGGRESSIVE;
				CLANG_WARN_UNREACHABLE_CODE = YES;
				CLANG_WARN__DUPLICATE_METHOD_MATCH = YES;
				COPY_PHASE_STRIP = NO;
				DEBUG_INFORMATION_FORMAT = dwarf;
				DEVELOPMENT_TEAM = 7HG6PP7Q5J;
				ENABLE_STRICT_OBJC_MSGSEND = YES;
				ENABLE_TESTABILITY = YES;
				ENABLE_USER_SCRIPT_SANDBOXING = YES;
				GCC_C_LANGUAGE_STANDARD = gnu17;
				GCC_DYNAMIC_NO_PIC = NO;
				GCC_NO_COMMON_BLOCKS = YES;
				GCC_OPTIMIZATION_LEVEL = 0;
				GCC_PREPROCESSOR_DEFINITIONS = (
					"DEBUG=1",
					"$(inherited)",
				);
				GCC_WARN_64_TO_32_BIT_CONVERSION = YES;
				GCC_WARN_ABOUT_RETURN_TYPE = YES_ERROR;
				GCC_WARN_UNDECLARED_SELECTOR = YES;
				GCC_WARN_UNINITIALIZED_AUTOS = YES_AGGRESSIVE;
				GCC_WARN_UNUSED_FUNCTION = YES;
				GCC_WARN_UNUSED_VARIABLE = YES;
				LOCALIZATION_PREFERS_STRING_CATALOGS = YES;
				MTL_ENABLE_DEBUG_INFO = INCLUDE_SOURCE;
				MTL_FAST_MATH = YES;
				ONLY_ACTIVE_ARCH = YES;
				SWIFT_ACTIVE_COMPILATION_CONDITIONS = "DEBUG $(inherited)";
				SWIFT_OPTIMIZATION_LEVEL = "-Onone";
			};
			name = Debug;
		};
		69F729DF2EA6F2D700F0003D /* Release */ = {
			isa = XCBuildConfiguration;
			buildSettings = {
				ALWAYS_SEARCH_USER_PATHS = NO;
				ASSETCATALOG_COMPILER_GENERATE_SWIFT_ASSET_SYMBOL_EXTENSIONS = YES;
				CLANG_ANALYZER_NONNULL = YES;
				CLANG_ANALYZER_NUMBER_OBJECT_CONVERSION = YES_AGGRESSIVE;
				CLANG_CXX_LANGUAGE_STANDARD = "gnu++20";
				CLANG_ENABLE_MODULES = YES;
				CLANG_ENABLE_OBJC_ARC = YES;
				CLANG_ENABLE_OBJC_WEAK = YES;
				CLANG_WARN_BLOCK_CAPTURE_AUTORELEASING = YES;
				CLANG_WARN_BOOL_CONVERSION = YES;
				CLANG_WARN_COMMA = YES;
				CLANG_WARN_CONSTANT_CONVERSION = YES;
				CLANG_WARN_DEPRECATED_OBJC_IMPLEMENTATIONS = YES;
				CLANG_WARN_DIRECT_OBJC_ISA_USAGE = YES_ERROR;
				CLANG_WARN_DOCUMENTATION_COMMENTS = YES;
				CLANG_WARN_EMPTY_BODY = YES;
				CLANG_WARN_ENUM_CONVERSION = YES;
				CLANG_WARN_INFINITE_RECURSION = YES;
				CLANG_WARN_INT_CONVERSION = YES;
				CLANG_WARN_NON_LITERAL_NULL_CONVERSION = YES;
				CLANG_WARN_OBJC_IMPLICIT_RETAIN_SELF = YES;
				CLANG_WARN_OBJC_LITERAL_CONVERSION = YES;
				CLANG_WARN_OBJC_ROOT_CLASS = YES_ERROR;
				CLANG_WARN_QUOTED_INCLUDE_IN_FRAMEWORK_HEADER = YES;
				CLANG_WARN_RANGE_LOOP_ANALYSIS = YES;
				CLANG_WARN_STRICT_PROTOTYPES = YES;
				CLANG_WARN_SUSPICIOUS_MOVE = YES;
				CLANG_WARN_UNGUARDED_AVAILABILITY = YES_AGGRESSIVE;
				CLANG_WARN_UNREACHABLE_CODE = YES;
				CLANG_WARN__DUPLICATE_METHOD_MATCH = YES;
				COPY_PHASE_STRIP = NO;
				DEBUG_INFORMATION_FORMAT = "dwarf-with-dsym";
				DEVELOPMENT_TEAM = 7HG6PP7Q5J;
				ENABLE_NS_ASSERTIONS = NO;
				ENABLE_STRICT_OBJC_MSGSEND = YES;
				ENABLE_USER_SCRIPT_SANDBOXING = YES;
				GCC_C_LANGUAGE_STANDARD = gnu17;
				GCC_NO_COMMON_BLOCKS = YES;
				GCC_WARN_64_TO_32_BIT_CONVERSION = YES;
				GCC_WARN_ABOUT_RETURN_TYPE = YES_ERROR;
				GCC_WARN_UNDECLARED_SELECTOR = YES;
				GCC_WARN_UNINITIALIZED_AUTOS = YES_AGGRESSIVE;
				GCC_WARN_UNUSED_FUNCTION = YES;
				GCC_WARN_UNUSED_VARIABLE = YES;
				LOCALIZATION_PREFERS_STRING_CATALOGS = YES;
				MTL_ENABLE_DEBUG_INFO = NO;
				MTL_FAST_MATH = YES;
				SWIFT_COMPILATION_MODE = wholemodule;
			};
			name = Release;
		};
		69F729E12EA6F2D700F0003D /* Debug */ = {
			isa = XCBuildConfiguration;
			buildSettings = {
				ASSETCATALOG_COMPILER_APPICON_NAME = AppIcon;
				ASSETCATALOG_COMPILER_GLOBAL_ACCENT_COLOR_NAME = AccentColor;
				CODE_SIGN_STYLE = Automatic;
				CURRENT_PROJECT_VERSION = 1;
				DEVELOPMENT_TEAM = 7HG6PP7Q5J;
				ENABLE_APP_SANDBOX = YES;
				ENABLE_HARDENED_RUNTIME = YES;
				ENABLE_PREVIEWS = YES;
				ENABLE_USER_SELECTED_FILES = readonly;
				GENERATE_INFOPLIST_FILE = YES;
				"INFOPLIST_KEY_UIApplicationSceneManifest_Generation[sdk=iphoneos*]" = YES;
				"INFOPLIST_KEY_UIApplicationSceneManifest_Generation[sdk=iphonesimulator*]" = YES;
				"INFOPLIST_KEY_UIApplicationSupportsIndirectInputEvents[sdk=iphoneos*]" = YES;
				"INFOPLIST_KEY_UIApplicationSupportsIndirectInputEvents[sdk=iphonesimulator*]" = YES;
				"INFOPLIST_KEY_UILaunchScreen_Generation[sdk=iphoneos*]" = YES;
				"INFOPLIST_KEY_UILaunchScreen_Generation[sdk=iphonesimulator*]" = YES;
				"INFOPLIST_KEY_UIStatusBarStyle[sdk=iphoneos*]" = UIStatusBarStyleDefault;
				"INFOPLIST_KEY_UIStatusBarStyle[sdk=iphonesimulator*]" = UIStatusBarStyleDefault;
				INFOPLIST_KEY_UISupportedInterfaceOrientations_iPad = "UIInterfaceOrientationPortrait UIInterfaceOrientationPortraitUpsideDown UIInterfaceOrientationLandscapeLeft UIInterfaceOrientationLandscapeRight";
				INFOPLIST_KEY_UISupportedInterfaceOrientations_iPhone = "UIInterfaceOrientationPortrait UIInterfaceOrientationLandscapeLeft UIInterfaceOrientationLandscapeRight";
				IPHONEOS_DEPLOYMENT_TARGET = 26.0;
				LD_RUNPATH_SEARCH_PATHS = "@executable_path/Frameworks";
				"LD_RUNPATH_SEARCH_PATHS[sdk=macosx*]" = "@executable_path/../Frameworks";
				MACOSX_DEPLOYMENT_TARGET = 26.0;
				MARKETING_VERSION = 1.0;
				PRODUCT_BUNDLE_IDENTIFIER = richardmoult.FirebaseExample;
				PRODUCT_NAME = "$(TARGET_NAME)";
				REGISTER_APP_GROUPS = YES;
				SDKROOT = auto;
				STRING_CATALOG_GENERATE_SYMBOLS = YES;
				SUPPORTED_PLATFORMS = "iphoneos iphonesimulator macosx xros xrsimulator";
				SWIFT_APPROACHABLE_CONCURRENCY = YES;
				SWIFT_DEFAULT_ACTOR_ISOLATION = MainActor;
				SWIFT_EMIT_LOC_STRINGS = YES;
				SWIFT_UPCOMING_FEATURE_MEMBER_IMPORT_VISIBILITY = YES;
				SWIFT_VERSION = 5.0;
				TARGETED_DEVICE_FAMILY = "1,2,7";
				XROS_DEPLOYMENT_TARGET = 26.0;
			};
			name = Debug;
		};
		69F729E22EA6F2D700F0003D /* Release */ = {
			isa = XCBuildConfiguration;
			buildSettings = {
				ASSETCATALOG_COMPILER_APPICON_NAME = AppIcon;
				ASSETCATALOG_COMPILER_GLOBAL_ACCENT_COLOR_NAME = AccentColor;
				CODE_SIGN_STYLE = Automatic;
				CURRENT_PROJECT_VERSION = 1;
				DEVELOPMENT_TEAM = 7HG6PP7Q5J;
				ENABLE_APP_SANDBOX = YES;
				ENABLE_HARDENED_RUNTIME = YES;
				ENABLE_PREVIEWS = YES;
				ENABLE_USER_SELECTED_FILES = readonly;
				GENERATE_INFOPLIST_FILE = YES;
				"INFOPLIST_KEY_UIApplicationSceneManifest_Generation[sdk=iphoneos*]" = YES;
				"INFOPLIST_KEY_UIApplicationSceneManifest_Generation[sdk=iphonesimulator*]" = YES;
				"INFOPLIST_KEY_UIApplicationSupportsIndirectInputEvents[sdk=iphoneos*]" = YES;
				"INFOPLIST_KEY_UIApplicationSupportsIndirectInputEvents[sdk=iphonesimulator*]" = YES;
				"INFOPLIST_KEY_UILaunchScreen_Generation[sdk=iphoneos*]" = YES;
				"INFOPLIST_KEY_UILaunchScreen_Generation[sdk=iphonesimulator*]" = YES;
				"INFOPLIST_KEY_UIStatusBarStyle[sdk=iphoneos*]" = UIStatusBarStyleDefault;
				"INFOPLIST_KEY_UIStatusBarStyle[sdk=iphonesimulator*]" = UIStatusBarStyleDefault;
				INFOPLIST_KEY_UISupportedInterfaceOrientations_iPad = "UIInterfaceOrientationPortrait UIInterfaceOrientationPortraitUpsideDown UIInterfaceOrientationLandscapeLeft UIInterfaceOrientationLandscapeRight";
				INFOPLIST_KEY_UISupportedInterfaceOrientations_iPhone = "UIInterfaceOrientationPortrait UIInterfaceOrientationLandscapeLeft UIInterfaceOrientationLandscapeRight";
				IPHONEOS_DEPLOYMENT_TARGET = 26.0;
				LD_RUNPATH_SEARCH_PATHS = "@executable_path/Frameworks";
				"LD_RUNPATH_SEARCH_PATHS[sdk=macosx*]" = "@executable_path/../Frameworks";
				MACOSX_DEPLOYMENT_TARGET = 26.0;
				MARKETING_VERSION = 1.0;
				PRODUCT_BUNDLE_IDENTIFIER = richardmoult.FirebaseExample;
				PRODUCT_NAME = "$(TARGET_NAME)";
				REGISTER_APP_GROUPS = YES;
				SDKROOT = auto;
				STRING_CATALOG_GENERATE_SYMBOLS = YES;
				SUPPORTED_PLATFORMS = "iphoneos iphonesimulator macosx xros xrsimulator";
				SWIFT_APPROACHABLE_CONCURRENCY = YES;
				SWIFT_DEFAULT_ACTOR_ISOLATION = MainActor;
				SWIFT_EMIT_LOC_STRINGS = YES;
				SWIFT_UPCOMING_FEATURE_MEMBER_IMPORT_VISIBILITY = YES;
				SWIFT_VERSION = 5.0;
				TARGETED_DEVICE_FAMILY = "1,2,7";
				XROS_DEPLOYMENT_TARGET = 26.0;
			};
			name = Release;
		};
		69F729E42EA6F2D700F0003D /* Debug */ = {
			isa = XCBuildConfiguration;
			buildSettings = {
				BUNDLE_LOADER = "$(TEST_HOST)";
				CODE_SIGN_STYLE = Automatic;
				CURRENT_PROJECT_VERSION = 1;
				DEVELOPMENT_TEAM = 7HG6PP7Q5J;
				GENERATE_INFOPLIST_FILE = YES;
				INFOPLIST_KEY_NSPrincipalClass = FirebaseExampleTests.PrincipleClass;
				IPHONEOS_DEPLOYMENT_TARGET = 26.0;
				MACOSX_DEPLOYMENT_TARGET = 26.0;
				MARKETING_VERSION = 1.0;
				PRODUCT_BUNDLE_IDENTIFIER = richardmoult.FirebaseExampleTests;
				PRODUCT_NAME = "$(TARGET_NAME)";
				SDKROOT = auto;
				STRING_CATALOG_GENERATE_SYMBOLS = NO;
				SUPPORTED_PLATFORMS = "iphoneos iphonesimulator macosx xros xrsimulator";
				SWIFT_APPROACHABLE_CONCURRENCY = YES;
				SWIFT_EMIT_LOC_STRINGS = NO;
				SWIFT_UPCOMING_FEATURE_MEMBER_IMPORT_VISIBILITY = YES;
				SWIFT_VERSION = 5.0;
				TARGETED_DEVICE_FAMILY = "1,2,7";
				TEST_HOST = "$(BUILT_PRODUCTS_DIR)/FirebaseExample.app/$(BUNDLE_EXECUTABLE_FOLDER_PATH)/FirebaseExample";
				XROS_DEPLOYMENT_TARGET = 26.0;
			};
			name = Debug;
		};
		69F729E52EA6F2D700F0003D /* Release */ = {
			isa = XCBuildConfiguration;
			buildSettings = {
				BUNDLE_LOADER = "$(TEST_HOST)";
				CODE_SIGN_STYLE = Automatic;
				CURRENT_PROJECT_VERSION = 1;
				DEVELOPMENT_TEAM = 7HG6PP7Q5J;
				GENERATE_INFOPLIST_FILE = YES;
				INFOPLIST_KEY_NSPrincipalClass = FirebaseExampleTests.PrincipleClass;
				IPHONEOS_DEPLOYMENT_TARGET = 26.0;
				MACOSX_DEPLOYMENT_TARGET = 26.0;
				MARKETING_VERSION = 1.0;
				PRODUCT_BUNDLE_IDENTIFIER = richardmoult.FirebaseExampleTests;
				PRODUCT_NAME = "$(TARGET_NAME)";
				SDKROOT = auto;
				STRING_CATALOG_GENERATE_SYMBOLS = NO;
				SUPPORTED_PLATFORMS = "iphoneos iphonesimulator macosx xros xrsimulator";
				SWIFT_APPROACHABLE_CONCURRENCY = YES;
				SWIFT_EMIT_LOC_STRINGS = NO;
				SWIFT_UPCOMING_FEATURE_MEMBER_IMPORT_VISIBILITY = YES;
				SWIFT_VERSION = 5.0;
				TARGETED_DEVICE_FAMILY = "1,2,7";
				TEST_HOST = "$(BUILT_PRODUCTS_DIR)/FirebaseExample.app/$(BUNDLE_EXECUTABLE_FOLDER_PATH)/FirebaseExample";
				XROS_DEPLOYMENT_TARGET = 26.0;
			};
			name = Release;
		};
		69F729E72EA6F2D700F0003D /* Debug */ = {
			isa = XCBuildConfiguration;
			buildSettings = {
				CODE_SIGN_STYLE = Automatic;
				CURRENT_PROJECT_VERSION = 1;
				DEVELOPMENT_TEAM = 7HG6PP7Q5J;
				GENERATE_INFOPLIST_FILE = YES;
				IPHONEOS_DEPLOYMENT_TARGET = 26.0;
				MACOSX_DEPLOYMENT_TARGET = 26.0;
				MARKETING_VERSION = 1.0;
				PRODUCT_BUNDLE_IDENTIFIER = richardmoult.FirebaseExampleUITests;
				PRODUCT_NAME = "$(TARGET_NAME)";
				SDKROOT = auto;
				STRING_CATALOG_GENERATE_SYMBOLS = NO;
				SUPPORTED_PLATFORMS = "iphoneos iphonesimulator macosx xros xrsimulator";
				SWIFT_APPROACHABLE_CONCURRENCY = YES;
				SWIFT_EMIT_LOC_STRINGS = NO;
				SWIFT_UPCOMING_FEATURE_MEMBER_IMPORT_VISIBILITY = YES;
				SWIFT_VERSION = 5.0;
				TARGETED_DEVICE_FAMILY = "1,2,7";
				TEST_TARGET_NAME = FirebaseExample;
				XROS_DEPLOYMENT_TARGET = 26.0;
			};
			name = Debug;
		};
		69F729E82EA6F2D700F0003D /* Release */ = {
			isa = XCBuildConfiguration;
			buildSettings = {
				CODE_SIGN_STYLE = Automatic;
				CURRENT_PROJECT_VERSION = 1;
				DEVELOPMENT_TEAM = 7HG6PP7Q5J;
				GENERATE_INFOPLIST_FILE = YES;
				IPHONEOS_DEPLOYMENT_TARGET = 26.0;
				MACOSX_DEPLOYMENT_TARGET = 26.0;
				MARKETING_VERSION = 1.0;
				PRODUCT_BUNDLE_IDENTIFIER = richardmoult.FirebaseExampleUITests;
				PRODUCT_NAME = "$(TARGET_NAME)";
				SDKROOT = auto;
				STRING_CATALOG_GENERATE_SYMBOLS = NO;
				SUPPORTED_PLATFORMS = "iphoneos iphonesimulator macosx xros xrsimulator";
				SWIFT_APPROACHABLE_CONCURRENCY = YES;
				SWIFT_EMIT_LOC_STRINGS = NO;
				SWIFT_UPCOMING_FEATURE_MEMBER_IMPORT_VISIBILITY = YES;
				SWIFT_VERSION = 5.0;
				TARGETED_DEVICE_FAMILY = "1,2,7";
				TEST_TARGET_NAME = FirebaseExample;
				XROS_DEPLOYMENT_TARGET = 26.0;
			};
			name = Release;
		};
/* End XCBuildConfiguration section */

/* Begin XCConfigurationList section */
		69F729BA2EA6F2D400F0003D /* Build configuration list for PBXProject "FirebaseExample" */ = {
			isa = XCConfigurationList;
			buildConfigurations = (
				69F729DE2EA6F2D700F0003D /* Debug */,
				69F729DF2EA6F2D700F0003D /* Release */,
			);
			defaultConfigurationIsVisible = 0;
			defaultConfigurationName = Release;
		};
		69F729E02EA6F2D700F0003D /* Build configuration list for PBXNativeTarget "FirebaseExample" */ = {
			isa = XCConfigurationList;
			buildConfigurations = (
				69F729E12EA6F2D700F0003D /* Debug */,
				69F729E22EA6F2D700F0003D /* Release */,
			);
			defaultConfigurationIsVisible = 0;
			defaultConfigurationName = Release;
		};
		69F729E32EA6F2D700F0003D /* Build configuration list for PBXNativeTarget "FirebaseExampleTests" */ = {
			isa = XCConfigurationList;
			buildConfigurations = (
				69F729E42EA6F2D700F0003D /* Debug */,
				69F729E52EA6F2D700F0003D /* Release */,
			);
			defaultConfigurationIsVisible = 0;
			defaultConfigurationName = Release;
		};
		69F729E62EA6F2D700F0003D /* Build configuration list for PBXNativeTarget "FirebaseExampleUITests" */ = {
			isa = XCConfigurationList;
			buildConfigurations = (
				69F729E72EA6F2D700F0003D /* Debug */,
				69F729E82EA6F2D700F0003D /* Release */,
			);
			defaultConfigurationIsVisible = 0;
			defaultConfigurationName = Release;
		};
/* End XCConfigurationList section */

/* Begin XCRemoteSwiftPackageReference section */
		69F72AC02EA6FB6800F0003D /* XCRemoteSwiftPackageReference "firebase-ios-sdk" */ = {
			isa = XCRemoteSwiftPackageReference;
			repositoryURL = "https://github.com/firebase/firebase-ios-sdk.git";
			requirement = {
				kind = upToNextMajorVersion;
				minimumVersion = 12.4.0;
			};
		};
		69F72AC72EA6FBB100F0003D /* XCRemoteSwiftPackageReference "swift-dependencies" */ = {
			isa = XCRemoteSwiftPackageReference;
			repositoryURL = "https://github.com/pointfreeco/swift-dependencies";
			requirement = {
				kind = upToNextMajorVersion;
				minimumVersion = 1.10.0;
			};
		};
		69F72ACA2EA6FBD000F0003D /* XCRemoteSwiftPackageReference "SDWebImageSwiftUI" */ = {
			isa = XCRemoteSwiftPackageReference;
			repositoryURL = "https://github.com/SDWebImage/SDWebImageSwiftUI";
			requirement = {
				kind = upToNextMajorVersion;
				minimumVersion = 3.1.3;
			};
		};
/* End XCRemoteSwiftPackageReference section */

/* Begin XCSwiftPackageProductDependency section */
		69F72AC12EA6FB6800F0003D /* FirebaseAnalytics */ = {
			isa = XCSwiftPackageProductDependency;
			package = 69F72AC02EA6FB6800F0003D /* XCRemoteSwiftPackageReference "firebase-ios-sdk" */;
			productName = FirebaseAnalytics;
		};
		69F72AC32EA6FB6800F0003D /* FirebaseCrashlytics */ = {
			isa = XCSwiftPackageProductDependency;
			package = 69F72AC02EA6FB6800F0003D /* XCRemoteSwiftPackageReference "firebase-ios-sdk" */;
			productName = FirebaseCrashlytics;
		};
		69F72AC52EA6FB6800F0003D /* FirebaseFirestore */ = {
			isa = XCSwiftPackageProductDependency;
			package = 69F72AC02EA6FB6800F0003D /* XCRemoteSwiftPackageReference "firebase-ios-sdk" */;
			productName = FirebaseFirestore;
		};
		69F72AC82EA6FBB100F0003D /* Dependencies */ = {
			isa = XCSwiftPackageProductDependency;
			package = 69F72AC72EA6FBB100F0003D /* XCRemoteSwiftPackageReference "swift-dependencies" */;
			productName = Dependencies;
		};
		69F72ACB2EA6FBD000F0003D /* SDWebImageSwiftUI */ = {
			isa = XCSwiftPackageProductDependency;
			package = 69F72ACA2EA6FBD000F0003D /* XCRemoteSwiftPackageReference "SDWebImageSwiftUI" */;
			productName = SDWebImageSwiftUI;
		};
/* End XCSwiftPackageProductDependency section */
	};
	rootObject = 69F729B72EA6F2D400F0003D /* Project object */;
}
